{"is_source_file": false, "format": null, "description": "", "external_files": [], "external_methods": [], "published": [], "classes": [], "methods": [], "calls": [], "search-terms": [], "state": 2, "file_id": 11, "knowledge_revision": 146, "git_revision": "", "hash": "19ac2aef39ddc97cf1b88c5571603ee2", "format-version": 4, "code-base-name": "default", "filename": "mobile_frontend_workspace/mobile_frontend/macos/Runner.xcodeproj/project.pbxproj", "revision_history": [{"146": ""}]}